// !$*UTF8*$!
{
	archiveVersion = 1;
	classes = {
	};
	objectVersion = 50;
	objects = {

/* Begin PBXBuildFile section */
		187C85D2346D941B8D23ED26 /* Pods_Higher_Maths_Revision.framework in Frameworks */ = {isa = PBXBuildFile; fileRef = 487CE3DC537B14EF0C49033A /* Pods_Higher_Maths_Revision.framework */; };
		CA0BAF942105F79F008CBC12 /* DataFiles.swift in Sources */ = {isa = PBXBuildFile; fileRef = CA0BAF932105F79F008CBC12 /* DataFiles.swift */; };
		CA0BAF9621062BF2008CBC12 /* FormulaDBTable.swift in Sources */ = {isa = PBXBuildFile; fileRef = CA0BAF9521062BF2008CBC12 /* FormulaDBTable.swift */; };
		CA0BAF9821065D5E008CBC12 /* AddFormulaViewController.swift in Sources */ = {isa = PBXBuildFile; fileRef = CA0BAF9721065D5E008CBC12 /* AddFormulaViewController.swift */; };
		CA0BCA0F20F619C0008020BF /* ManageQuestionData.swift in Sources */ = {isa = PBXBuildFile; fileRef = CA0BCA0E20F619C0008020BF /* ManageQuestionData.swift */; };
		CA0BCA1120F67F48008020BF /* createQuestions.swift in Sources */ = {isa = PBXBuildFile; fileRef = CA0BCA1020F67F48008020BF /* createQuestions.swift */; };
		CA192E6C2100F49A004D56F5 /* FormulaTableViewCell.swift in Sources */ = {isa = PBXBuildFile; fileRef = CA192E6B2100F49A004D56F5 /* FormulaTableViewCell.swift */; };
		CA2BD3D4211445380054A8FC /* QuestionResultsCollectionViewCell.swift in Sources */ = {isa = PBXBuildFile; fileRef = CA2BD3D3211445380054A8FC /* QuestionResultsCollectionViewCell.swift */; };
		CA3279EA2117256B00BDD38D /* ResultsDBTable.swift in Sources */ = {isa = PBXBuildFile; fileRef = CA3279E92117256B00BDD38D /* ResultsDBTable.swift */; };
		CA3279EC2117989600BDD38D /* ResultsViewController.swift in Sources */ = {isa = PBXBuildFile; fileRef = CA3279EB2117989600BDD38D /* ResultsViewController.swift */; };
		CA3B43BE210092F500F59539 /* TestsTableViewController.swift in Sources */ = {isa = PBXBuildFile; fileRef = CA3B43BD210092F500F59539 /* TestsTableViewController.swift */; };
		CA4F1094210876A7003A3EE6 /* SavesTableViewController.swift in Sources */ = {isa = PBXBuildFile; fileRef = CA4F1093210876A7003A3EE6 /* SavesTableViewController.swift */; };
		CA4F10962108E7F3003A3EE6 /* SavesViewController.swift in Sources */ = {isa = PBXBuildFile; fileRef = CA4F10952108E7F3003A3EE6 /* SavesViewController.swift */; };
		CA56B84E20FCCC1C00762292 /* SearchTableViewController.swift in Sources */ = {isa = PBXBuildFile; fileRef = CA56B84D20FCCC1C00762292 /* SearchTableViewController.swift */; };
		CA5F593320EA583900110593 /* ListViewController.swift in Sources */ = {isa = PBXBuildFile; fileRef = CA5F593220EA583900110593 /* ListViewController.swift */; };
		CA6B8B70210488D600083255 /* EntryViewController.swift in Sources */ = {isa = PBXBuildFile; fileRef = CA6B8B6F210488D600083255 /* EntryViewController.swift */; };
		CA6B8B722104905400083255 /* EntryCollectionViewCell.swift in Sources */ = {isa = PBXBuildFile; fileRef = CA6B8B712104905400083255 /* EntryCollectionViewCell.swift */; };
		CA7451F120E676F300FBF600 /* Question.swift in Sources */ = {isa = PBXBuildFile; fileRef = CA7451F020E676F300FBF600 /* Question.swift */; };
		CA7451F320E6776300FBF600 /* SetUpDatabase.swift in Sources */ = {isa = PBXBuildFile; fileRef = CA7451F220E6776300FBF600 /* SetUpDatabase.swift */; };
		CA7451F520E6788100FBF600 /* ManageDBData.swift in Sources */ = {isa = PBXBuildFile; fileRef = CA7451F420E6788100FBF600 /* ManageDBData.swift */; };
		CA7451F720E6B28800FBF600 /* AddQsViewController.swift in Sources */ = {isa = PBXBuildFile; fileRef = CA7451F620E6B28800FBF600 /* AddQsViewController.swift */; };
		CA8EDA8020FE2B35004C7023 /* AnswerViewController.swift in Sources */ = {isa = PBXBuildFile; fileRef = CA8EDA7F20FE2B35004C7023 /* AnswerViewController.swift */; };
		CAA8A13120ECC03500F649DB /* EnterQViewController.swift in Sources */ = {isa = PBXBuildFile; fileRef = CAA8A13020ECC03500F649DB /* EnterQViewController.swift */; };
		CAAFCA8521079F31000B1ABB /* newfile.m in Sources */ = {isa = PBXBuildFile; fileRef = CAAFCA8421079F31000B1ABB /* newfile.m */; };
		CAAFCA882107A763000B1ABB /* DailyViewController.swift in Sources */ = {isa = PBXBuildFile; fileRef = CAAFCA872107A763000B1ABB /* DailyViewController.swift */; };
		CAC86B9C2100CB73007D22FF /* FormulaeTableViewController.swift in Sources */ = {isa = PBXBuildFile; fileRef = CAC86B9B2100CB73007D22FF /* FormulaeTableViewController.swift */; };
		CAC86B9E2100DD35007D22FF /* Formula.swift in Sources */ = {isa = PBXBuildFile; fileRef = CAC86B9D2100DD35007D22FF /* Formula.swift */; };
		CAD5CF4320EAA5E4001732AF /* QuestionViewController.swift in Sources */ = {isa = PBXBuildFile; fileRef = CAD5CF4220EAA5E4001732AF /* QuestionViewController.swift */; };
		CAEA50162118F05B003BFA2B /* QuestionData.json in Resources */ = {isa = PBXBuildFile; fileRef = CAEA50152118F05B003BFA2B /* QuestionData.json */; };
		CAEA50182118F091003BFA2B /* ReadJson.swift in Sources */ = {isa = PBXBuildFile; fileRef = CAEA50172118F091003BFA2B /* ReadJson.swift */; };
		CAF4A26820F376AF007DB9F4 /* MasterPageViewController.swift in Sources */ = {isa = PBXBuildFile; fileRef = CAF4A26720F376AF007DB9F4 /* MasterPageViewController.swift */; };
		CAF672522113567100EAE5FF /* QuestionResultsViewController.swift in Sources */ = {isa = PBXBuildFile; fileRef = CAF672512113567100EAE5FF /* QuestionResultsViewController.swift */; };
		CAF672582113576D00EAE5FF /* Results.swift in Sources */ = {isa = PBXBuildFile; fileRef = CAF672572113576D00EAE5FF /* Results.swift */; };
		CAF9E1E120E53AB400B4247D /* TopicsTableViewController.swift in Sources */ = {isa = PBXBuildFile; fileRef = CAF9E1E020E53AB400B4247D /* TopicsTableViewController.swift */; };
		CAFB050920E5109400631752 /* AppDelegate.swift in Sources */ = {isa = PBXBuildFile; fileRef = CAFB050820E5109400631752 /* AppDelegate.swift */; };
		CAFB050B20E5109400631752 /* EntryTableViewController.swift in Sources */ = {isa = PBXBuildFile; fileRef = CAFB050A20E5109400631752 /* EntryTableViewController.swift */; };
		CAFB050E20E5109400631752 /* Main.storyboard in Resources */ = {isa = PBXBuildFile; fileRef = CAFB050C20E5109400631752 /* Main.storyboard */; };
		CAFB051020E5109600631752 /* Assets.xcassets in Resources */ = {isa = PBXBuildFile; fileRef = CAFB050F20E5109600631752 /* Assets.xcassets */; };
		CAFB051320E5109600631752 /* LaunchScreen.storyboard in Resources */ = {isa = PBXBuildFile; fileRef = CAFB051120E5109600631752 /* LaunchScreen.storyboard */; };
		CAFB051B20E519F400631752 /* UnitsTableViewController.swift in Sources */ = {isa = PBXBuildFile; fileRef = CAFB051A20E519F400631752 /* UnitsTableViewController.swift */; };
		CAFB051D20E51C7200631752 /* Unit2CollectionViewController.swift in Sources */ = {isa = PBXBuildFile; fileRef = CAFB051C20E51C7200631752 /* Unit2CollectionViewController.swift */; };
		CAFB051F20E51DBA00631752 /* TopicCollectionViewCell.swift in Sources */ = {isa = PBXBuildFile; fileRef = CAFB051E20E51DBA00631752 /* TopicCollectionViewCell.swift */; };
/* End PBXBuildFile section */

/* Begin PBXFileReference section */
		11B590D55948ECC26B088586 /* Pods-Higher Maths Revision.debug.xcconfig */ = {isa = PBXFileReference; includeInIndex = 1; lastKnownFileType = text.xcconfig; name = "Pods-Higher Maths Revision.debug.xcconfig"; path = "Pods/Target Support Files/Pods-Higher Maths Revision/Pods-Higher Maths Revision.debug.xcconfig"; sourceTree = "<group>"; };
		487CE3DC537B14EF0C49033A /* Pods_Higher_Maths_Revision.framework */ = {isa = PBXFileReference; explicitFileType = wrapper.framework; includeInIndex = 0; path = Pods_Higher_Maths_Revision.framework; sourceTree = BUILT_PRODUCTS_DIR; };
		67280B25D3809167CDE02B71 /* Pods-Higher Maths Revision.release.xcconfig */ = {isa = PBXFileReference; includeInIndex = 1; lastKnownFileType = text.xcconfig; name = "Pods-Higher Maths Revision.release.xcconfig"; path = "Pods/Target Support Files/Pods-Higher Maths Revision/Pods-Higher Maths Revision.release.xcconfig"; sourceTree = "<group>"; };
		CA06C16320EE600C00983ACF /* en */ = {isa = PBXFileReference; lastKnownFileType = text.plist.strings; name = en; path = en.lproj/Main.strings; sourceTree = "<group>"; };
		CA0BAF932105F79F008CBC12 /* DataFiles.swift */ = {isa = PBXFileReference; lastKnownFileType = sourcecode.swift; path = DataFiles.swift; sourceTree = "<group>"; };
		CA0BAF9521062BF2008CBC12 /* FormulaDBTable.swift */ = {isa = PBXFileReference; lastKnownFileType = sourcecode.swift; path = FormulaDBTable.swift; sourceTree = "<group>"; };
		CA0BAF9721065D5E008CBC12 /* AddFormulaViewController.swift */ = {isa = PBXFileReference; lastKnownFileType = sourcecode.swift; path = AddFormulaViewController.swift; sourceTree = "<group>"; };
		CA0BCA0E20F619C0008020BF /* ManageQuestionData.swift */ = {isa = PBXFileReference; lastKnownFileType = sourcecode.swift; path = ManageQuestionData.swift; sourceTree = "<group>"; };
		CA0BCA1020F67F48008020BF /* createQuestions.swift */ = {isa = PBXFileReference; lastKnownFileType = sourcecode.swift; path = createQuestions.swift; sourceTree = "<group>"; };
		CA192E6B2100F49A004D56F5 /* FormulaTableViewCell.swift */ = {isa = PBXFileReference; lastKnownFileType = sourcecode.swift; path = FormulaTableViewCell.swift; sourceTree = "<group>"; };
		CA2BD3D3211445380054A8FC /* QuestionResultsCollectionViewCell.swift */ = {isa = PBXFileReference; lastKnownFileType = sourcecode.swift; path = QuestionResultsCollectionViewCell.swift; sourceTree = "<group>"; };
		CA3279E92117256B00BDD38D /* ResultsDBTable.swift */ = {isa = PBXFileReference; lastKnownFileType = sourcecode.swift; path = ResultsDBTable.swift; sourceTree = "<group>"; };
		CA3279EB2117989600BDD38D /* ResultsViewController.swift */ = {isa = PBXFileReference; lastKnownFileType = sourcecode.swift; path = ResultsViewController.swift; sourceTree = "<group>"; };
		CA3B43BD210092F500F59539 /* TestsTableViewController.swift */ = {isa = PBXFileReference; lastKnownFileType = sourcecode.swift; path = TestsTableViewController.swift; sourceTree = "<group>"; };
		CA4F1093210876A7003A3EE6 /* SavesTableViewController.swift */ = {isa = PBXFileReference; lastKnownFileType = sourcecode.swift; path = SavesTableViewController.swift; sourceTree = "<group>"; };
		CA4F10952108E7F3003A3EE6 /* SavesViewController.swift */ = {isa = PBXFileReference; lastKnownFileType = sourcecode.swift; path = SavesViewController.swift; sourceTree = "<group>"; };
		CA56B84D20FCCC1C00762292 /* SearchTableViewController.swift */ = {isa = PBXFileReference; lastKnownFileType = sourcecode.swift; path = SearchTableViewController.swift; sourceTree = "<group>"; };
		CA5F593220EA583900110593 /* ListViewController.swift */ = {isa = PBXFileReference; lastKnownFileType = sourcecode.swift; path = ListViewController.swift; sourceTree = "<group>"; };
		CA6B8B6F210488D600083255 /* EntryViewController.swift */ = {isa = PBXFileReference; lastKnownFileType = sourcecode.swift; path = EntryViewController.swift; sourceTree = "<group>"; };
		CA6B8B712104905400083255 /* EntryCollectionViewCell.swift */ = {isa = PBXFileReference; lastKnownFileType = sourcecode.swift; path = EntryCollectionViewCell.swift; sourceTree = "<group>"; };
		CA7451F020E676F300FBF600 /* Question.swift */ = {isa = PBXFileReference; lastKnownFileType = sourcecode.swift; path = Question.swift; sourceTree = "<group>"; };
		CA7451F220E6776300FBF600 /* SetUpDatabase.swift */ = {isa = PBXFileReference; lastKnownFileType = sourcecode.swift; path = SetUpDatabase.swift; sourceTree = "<group>"; };
		CA7451F420E6788100FBF600 /* ManageDBData.swift */ = {isa = PBXFileReference; lastKnownFileType = sourcecode.swift; path = ManageDBData.swift; sourceTree = "<group>"; };
		CA7451F620E6B28800FBF600 /* AddQsViewController.swift */ = {isa = PBXFileReference; lastKnownFileType = sourcecode.swift; path = AddQsViewController.swift; sourceTree = "<group>"; };
		CA8EDA7F20FE2B35004C7023 /* AnswerViewController.swift */ = {isa = PBXFileReference; lastKnownFileType = sourcecode.swift; path = AnswerViewController.swift; sourceTree = "<group>"; };
		CAA8A13020ECC03500F649DB /* EnterQViewController.swift */ = {isa = PBXFileReference; lastKnownFileType = sourcecode.swift; path = EnterQViewController.swift; sourceTree = "<group>"; };
		CAAFCA8421079F31000B1ABB /* newfile.m */ = {isa = PBXFileReference; lastKnownFileType = sourcecode.c.objc; path = newfile.m; sourceTree = "<group>"; };
		CAAFCA862107A123000B1ABB /* Higher Maths Revision-Bridging-Header.h */ = {isa = PBXFileReference; lastKnownFileType = sourcecode.c.h; path = "Higher Maths Revision-Bridging-Header.h"; sourceTree = "<group>"; };
		CAAFCA872107A763000B1ABB /* DailyViewController.swift */ = {isa = PBXFileReference; lastKnownFileType = sourcecode.swift; path = DailyViewController.swift; sourceTree = "<group>"; };
		CAC86B9B2100CB73007D22FF /* FormulaeTableViewController.swift */ = {isa = PBXFileReference; lastKnownFileType = sourcecode.swift; path = FormulaeTableViewController.swift; sourceTree = "<group>"; };
		CAC86B9D2100DD35007D22FF /* Formula.swift */ = {isa = PBXFileReference; lastKnownFileType = sourcecode.swift; path = Formula.swift; sourceTree = "<group>"; };
		CAD5CF4220EAA5E4001732AF /* QuestionViewController.swift */ = {isa = PBXFileReference; lastKnownFileType = sourcecode.swift; path = QuestionViewController.swift; sourceTree = "<group>"; };
		CAEA50152118F05B003BFA2B /* QuestionData.json */ = {isa = PBXFileReference; lastKnownFileType = text.json; path = QuestionData.json; sourceTree = "<group>"; };
		CAEA50172118F091003BFA2B /* ReadJson.swift */ = {isa = PBXFileReference; lastKnownFileType = sourcecode.swift; path = ReadJson.swift; sourceTree = "<group>"; };
		CAF4A26720F376AF007DB9F4 /* MasterPageViewController.swift */ = {isa = PBXFileReference; lastKnownFileType = sourcecode.swift; path = MasterPageViewController.swift; sourceTree = "<group>"; };
		CAF672512113567100EAE5FF /* QuestionResultsViewController.swift */ = {isa = PBXFileReference; lastKnownFileType = sourcecode.swift; path = QuestionResultsViewController.swift; sourceTree = "<group>"; };
		CAF672572113576D00EAE5FF /* Results.swift */ = {isa = PBXFileReference; lastKnownFileType = sourcecode.swift; path = Results.swift; sourceTree = "<group>"; };
		CAF9E1E020E53AB400B4247D /* TopicsTableViewController.swift */ = {isa = PBXFileReference; lastKnownFileType = sourcecode.swift; path = TopicsTableViewController.swift; sourceTree = "<group>"; };
		CAFB050520E5109400631752 /* Higher Maths Revision.app */ = {isa = PBXFileReference; explicitFileType = wrapper.application; includeInIndex = 0; path = "Higher Maths Revision.app"; sourceTree = BUILT_PRODUCTS_DIR; };
		CAFB050820E5109400631752 /* AppDelegate.swift */ = {isa = PBXFileReference; lastKnownFileType = sourcecode.swift; path = AppDelegate.swift; sourceTree = "<group>"; };
		CAFB050A20E5109400631752 /* EntryTableViewController.swift */ = {isa = PBXFileReference; lastKnownFileType = sourcecode.swift; path = EntryTableViewController.swift; sourceTree = "<group>"; };
		CAFB050D20E5109400631752 /* Base */ = {isa = PBXFileReference; lastKnownFileType = file.storyboard; name = Base; path = Base.lproj/Main.storyboard; sourceTree = "<group>"; };
		CAFB050F20E5109600631752 /* Assets.xcassets */ = {isa = PBXFileReference; lastKnownFileType = folder.assetcatalog; path = Assets.xcassets; sourceTree = "<group>"; };
		CAFB051220E5109600631752 /* Base */ = {isa = PBXFileReference; lastKnownFileType = file.storyboard; name = Base; path = Base.lproj/LaunchScreen.storyboard; sourceTree = "<group>"; };
		CAFB051420E5109600631752 /* Info.plist */ = {isa = PBXFileReference; lastKnownFileType = text.plist.xml; path = Info.plist; sourceTree = "<group>"; };
		CAFB051A20E519F400631752 /* UnitsTableViewController.swift */ = {isa = PBXFileReference; lastKnownFileType = sourcecode.swift; path = UnitsTableViewController.swift; sourceTree = "<group>"; };
		CAFB051C20E51C7200631752 /* Unit2CollectionViewController.swift */ = {isa = PBXFileReference; lastKnownFileType = sourcecode.swift; path = Unit2CollectionViewController.swift; sourceTree = "<group>"; };
		CAFB051E20E51DBA00631752 /* TopicCollectionViewCell.swift */ = {isa = PBXFileReference; lastKnownFileType = sourcecode.swift; path = TopicCollectionViewCell.swift; sourceTree = "<group>"; };
/* End PBXFileReference section */

/* Begin PBXFrameworksBuildPhase section */
		CAFB050220E5109400631752 /* Frameworks */ = {
			isa = PBXFrameworksBuildPhase;
			buildActionMask = 2147483647;
			files = (
				187C85D2346D941B8D23ED26 /* Pods_Higher_Maths_Revision.framework in Frameworks */,
			);
			runOnlyForDeploymentPostprocessing = 0;
		};
/* End PBXFrameworksBuildPhase section */

/* Begin PBXGroup section */
		150D37C907F10110EFDC09AE /* Frameworks */ = {
			isa = PBXGroup;
			children = (
				487CE3DC537B14EF0C49033A /* Pods_Higher_Maths_Revision.framework */,
			);
			name = Frameworks;
			sourceTree = "<group>";
		};
		CAFB04FC20E5109400631752 = {
			isa = PBXGroup;
			children = (
				CAF672572113576D00EAE5FF /* Results.swift */,
				CAEA50152118F05B003BFA2B /* QuestionData.json */,
				CA3279E92117256B00BDD38D /* ResultsDBTable.swift */,
				CAC86B9D2100DD35007D22FF /* Formula.swift */,
				CAEA50172118F091003BFA2B /* ReadJson.swift */,
				CA0BAF9521062BF2008CBC12 /* FormulaDBTable.swift */,
				CA0BCA1020F67F48008020BF /* createQuestions.swift */,
				CA0BCA0E20F619C0008020BF /* ManageQuestionData.swift */,
				CA0BAF932105F79F008CBC12 /* DataFiles.swift */,
				CA7451F020E676F300FBF600 /* Question.swift */,
				CA7451F220E6776300FBF600 /* SetUpDatabase.swift */,
				CA7451F420E6788100FBF600 /* ManageDBData.swift */,
				CAFB050720E5109400631752 /* Higher Maths Revision */,
				CAFB050620E5109400631752 /* Products */,
				E7A6013778B40A6C17600765 /* Pods */,
				150D37C907F10110EFDC09AE /* Frameworks */,
			);
			sourceTree = "<group>";
		};
		CAFB050620E5109400631752 /* Products */ = {
			isa = PBXGroup;
			children = (
				CAFB050520E5109400631752 /* Higher Maths Revision.app */,
			);
			name = Products;
			sourceTree = "<group>";
		};
		CAFB050720E5109400631752 /* Higher Maths Revision */ = {
			isa = PBXGroup;
			children = (
				CAAFCA8421079F31000B1ABB /* newfile.m */,
				CAFB050820E5109400631752 /* AppDelegate.swift */,
				CAFB050C20E5109400631752 /* Main.storyboard */,
				CA3279EB2117989600BDD38D /* ResultsViewController.swift */,
				CA6B8B6F210488D600083255 /* EntryViewController.swift */,
				CA6B8B712104905400083255 /* EntryCollectionViewCell.swift */,
				CAFB050A20E5109400631752 /* EntryTableViewController.swift */,
				CAFB051A20E519F400631752 /* UnitsTableViewController.swift */,
				CAF9E1E020E53AB400B4247D /* TopicsTableViewController.swift */,
				CAF4A26720F376AF007DB9F4 /* MasterPageViewController.swift */,
				CAD5CF4220EAA5E4001732AF /* QuestionViewController.swift */,
				CA8EDA7F20FE2B35004C7023 /* AnswerViewController.swift */,
				CAF672512113567100EAE5FF /* QuestionResultsViewController.swift */,
				CA2BD3D3211445380054A8FC /* QuestionResultsCollectionViewCell.swift */,
				CA4F1093210876A7003A3EE6 /* SavesTableViewController.swift */,
				CA4F10952108E7F3003A3EE6 /* SavesViewController.swift */,
				CAA8A13020ECC03500F649DB /* EnterQViewController.swift */,
				CAFB051C20E51C7200631752 /* Unit2CollectionViewController.swift */,
				CAFB051E20E51DBA00631752 /* TopicCollectionViewCell.swift */,
				CA3B43BD210092F500F59539 /* TestsTableViewController.swift */,
				CAAFCA872107A763000B1ABB /* DailyViewController.swift */,
				CAC86B9B2100CB73007D22FF /* FormulaeTableViewController.swift */,
				CA192E6B2100F49A004D56F5 /* FormulaTableViewCell.swift */,
				CA0BAF9721065D5E008CBC12 /* AddFormulaViewController.swift */,
				CA7451F620E6B28800FBF600 /* AddQsViewController.swift */,
				CA5F593220EA583900110593 /* ListViewController.swift */,
				CA56B84D20FCCC1C00762292 /* SearchTableViewController.swift */,
				CAFB050F20E5109600631752 /* Assets.xcassets */,
				CAFB051120E5109600631752 /* LaunchScreen.storyboard */,
				CAFB051420E5109600631752 /* Info.plist */,
				CAAFCA862107A123000B1ABB /* Higher Maths Revision-Bridging-Header.h */,
			);
			path = "Higher Maths Revision";
			sourceTree = "<group>";
		};
		E7A6013778B40A6C17600765 /* Pods */ = {
			isa = PBXGroup;
			children = (
				11B590D55948ECC26B088586 /* Pods-Higher Maths Revision.debug.xcconfig */,
				67280B25D3809167CDE02B71 /* Pods-Higher Maths Revision.release.xcconfig */,
			);
			name = Pods;
			sourceTree = "<group>";
		};
/* End PBXGroup section */

/* Begin PBXNativeTarget section */
		CAFB050420E5109400631752 /* Higher Maths Revision */ = {
			isa = PBXNativeTarget;
			buildConfigurationList = CAFB051720E5109600631752 /* Build configuration list for PBXNativeTarget "Higher Maths Revision" */;
			buildPhases = (
				A25344AA2AD14452E34BA6D2 /* [CP] Check Pods Manifest.lock */,
				CAFB050120E5109400631752 /* Sources */,
				CAFB050220E5109400631752 /* Frameworks */,
				CAFB050320E5109400631752 /* Resources */,
				AFD3D3E556812365EE333A9F /* [CP] Embed Pods Frameworks */,
				CB0DF256B6167C1FE299B16E /* [CP] Copy Pods Resources */,
			);
			buildRules = (
			);
			dependencies = (
			);
			name = "Higher Maths Revision";
			productName = "Higher Maths Revision";
			productReference = CAFB050520E5109400631752 /* Higher Maths Revision.app */;
			productType = "com.apple.product-type.application";
		};
/* End PBXNativeTarget section */

/* Begin PBXProject section */
		CAFB04FD20E5109400631752 /* Project object */ = {
			isa = PBXProject;
			attributes = {
				LastSwiftUpdateCheck = 0940;
				LastUpgradeCheck = 0940;
				ORGANIZATIONNAME = sandshouston;
				TargetAttributes = {
					CAFB050420E5109400631752 = {
						CreatedOnToolsVersion = 9.4;
						LastSwiftMigration = 0940;
					};
				};
			};
			buildConfigurationList = CAFB050020E5109400631752 /* Build configuration list for PBXProject "Higher Maths Revision" */;
			compatibilityVersion = "Xcode 9.3";
			developmentRegion = en;
			hasScannedForEncodings = 0;
			knownRegions = (
				en,
				Base,
			);
			mainGroup = CAFB04FC20E5109400631752;
			productRefGroup = CAFB050620E5109400631752 /* Products */;
			projectDirPath = "";
			projectRoot = "";
			targets = (
				CAFB050420E5109400631752 /* Higher Maths Revision */,
			);
		};
/* End PBXProject section */

/* Begin PBXResourcesBuildPhase section */
		CAFB050320E5109400631752 /* Resources */ = {
			isa = PBXResourcesBuildPhase;
			buildActionMask = 2147483647;
			files = (
				CAFB051320E5109600631752 /* LaunchScreen.storyboard in Resources */,
				CAFB051020E5109600631752 /* Assets.xcassets in Resources */,
				CAFB050E20E5109400631752 /* Main.storyboard in Resources */,
				CAEA50162118F05B003BFA2B /* QuestionData.json in Resources */,
			);
			runOnlyForDeploymentPostprocessing = 0;
		};
/* End PBXResourcesBuildPhase section */

/* Begin PBXShellScriptBuildPhase section */
		A25344AA2AD14452E34BA6D2 /* [CP] Check Pods Manifest.lock */ = {
			isa = PBXShellScriptBuildPhase;
			buildActionMask = 2147483647;
			files = (
			);
			inputPaths = (
				"${PODS_PODFILE_DIR_PATH}/Podfile.lock",
				"${PODS_ROOT}/Manifest.lock",
			);
			name = "[CP] Check Pods Manifest.lock";
			outputPaths = (
				"$(DERIVED_FILE_DIR)/Pods-Higher Maths Revision-checkManifestLockResult.txt",
			);
			runOnlyForDeploymentPostprocessing = 0;
			shellPath = /bin/sh;
			shellScript = "diff \"${PODS_PODFILE_DIR_PATH}/Podfile.lock\" \"${PODS_ROOT}/Manifest.lock\" > /dev/null\nif [ $? != 0 ] ; then\n    # print error to STDERR\n    echo \"error: The sandbox is not in sync with the Podfile.lock. Run 'pod install' or update your CocoaPods installation.\" >&2\n    exit 1\nfi\n# This output is used by Xcode 'outputs' to avoid re-running this script phase.\necho \"SUCCESS\" > \"${SCRIPT_OUTPUT_FILE_0}\"\n";
			showEnvVarsInLog = 0;
		};
		AFD3D3E556812365EE333A9F /* [CP] Embed Pods Frameworks */ = {
			isa = PBXShellScriptBuildPhase;
			buildActionMask = 2147483647;
			files = (
			);
			inputPaths = (
				"${SRCROOT}/Pods/Target Support Files/Pods-Higher Maths Revision/Pods-Higher Maths Revision-frameworks.sh",
				"${BUILT_PRODUCTS_DIR}/iosMath/iosMath.framework",
			);
			name = "[CP] Embed Pods Frameworks";
			outputPaths = (
				"${TARGET_BUILD_DIR}/${FRAMEWORKS_FOLDER_PATH}/iosMath.framework",
			);
			runOnlyForDeploymentPostprocessing = 0;
			shellPath = /bin/sh;
			shellScript = "\"${SRCROOT}/Pods/Target Support Files/Pods-Higher Maths Revision/Pods-Higher Maths Revision-frameworks.sh\"\n";
			showEnvVarsInLog = 0;
		};
		CB0DF256B6167C1FE299B16E /* [CP] Copy Pods Resources */ = {
			isa = PBXShellScriptBuildPhase;
			buildActionMask = 2147483647;
			files = (
			);
			inputPaths = (
				"${SRCROOT}/Pods/Target Support Files/Pods-Higher Maths Revision/Pods-Higher Maths Revision-resources.sh",
				"${PODS_CONFIGURATION_BUILD_DIR}/AppCenter/AppCenterDistributeResources.bundle",
			);
			name = "[CP] Copy Pods Resources";
			outputPaths = (
				"${TARGET_BUILD_DIR}/${UNLOCALIZED_RESOURCES_FOLDER_PATH}/AppCenterDistributeResources.bundle",
			);
			runOnlyForDeploymentPostprocessing = 0;
			shellPath = /bin/sh;
			shellScript = "\"${SRCROOT}/Pods/Target Support Files/Pods-Higher Maths Revision/Pods-Higher Maths Revision-resources.sh\"\n";
			showEnvVarsInLog = 0;
		};
/* End PBXShellScriptBuildPhase section */

/* Begin PBXSourcesBuildPhase section */
		CAFB050120E5109400631752 /* Sources */ = {
			isa = PBXSourcesBuildPhase;
			buildActionMask = 2147483647;
			files = (
				CAEA50182118F091003BFA2B /* ReadJson.swift in Sources */,
				CA3279EA2117256B00BDD38D /* ResultsDBTable.swift in Sources */,
				CAFB051B20E519F400631752 /* UnitsTableViewController.swift in Sources */,
				CA7451F520E6788100FBF600 /* ManageDBData.swift in Sources */,
				CAAFCA8521079F31000B1ABB /* newfile.m in Sources */,
				CA192E6C2100F49A004D56F5 /* FormulaTableViewCell.swift in Sources */,
				CA4F1094210876A7003A3EE6 /* SavesTableViewController.swift in Sources */,
				CA0BAF9821065D5E008CBC12 /* AddFormulaViewController.swift in Sources */,
				CAD5CF4320EAA5E4001732AF /* QuestionViewController.swift in Sources */,
				CAFB050B20E5109400631752 /* EntryTableViewController.swift in Sources */,
				CAF4A26820F376AF007DB9F4 /* MasterPageViewController.swift in Sources */,
				CAFB050920E5109400631752 /* AppDelegate.swift in Sources */,
				CAFB051D20E51C7200631752 /* Unit2CollectionViewController.swift in Sources */,
				CA0BCA0F20F619C0008020BF /* ManageQuestionData.swift in Sources */,
				CAC86B9E2100DD35007D22FF /* Formula.swift in Sources */,
				CA5F593320EA583900110593 /* ListViewController.swift in Sources */,
				CA7451F320E6776300FBF600 /* SetUpDatabase.swift in Sources */,
				CA2BD3D4211445380054A8FC /* QuestionResultsCollectionViewCell.swift in Sources */,
				CA0BAF942105F79F008CBC12 /* DataFiles.swift in Sources */,
				CAA8A13120ECC03500F649DB /* EnterQViewController.swift in Sources */,
				CAF9E1E120E53AB400B4247D /* TopicsTableViewController.swift in Sources */,
				CAF672582113576D00EAE5FF /* Results.swift in Sources */,
				CA8EDA8020FE2B35004C7023 /* AnswerViewController.swift in Sources */,
				CAAFCA882107A763000B1ABB /* DailyViewController.swift in Sources */,
				CA3279EC2117989600BDD38D /* ResultsViewController.swift in Sources */,
				CA7451F120E676F300FBF600 /* Question.swift in Sources */,
				CAC86B9C2100CB73007D22FF /* FormulaeTableViewController.swift in Sources */,
				CA6B8B722104905400083255 /* EntryCollectionViewCell.swift in Sources */,
				CA0BAF9621062BF2008CBC12 /* FormulaDBTable.swift in Sources */,
				CA3B43BE210092F500F59539 /* TestsTableViewController.swift in Sources */,
				CA6B8B70210488D600083255 /* EntryViewController.swift in Sources */,
				CA7451F720E6B28800FBF600 /* AddQsViewController.swift in Sources */,
				CA56B84E20FCCC1C00762292 /* SearchTableViewController.swift in Sources */,
				CA4F10962108E7F3003A3EE6 /* SavesViewController.swift in Sources */,
				CAFB051F20E51DBA00631752 /* TopicCollectionViewCell.swift in Sources */,
				CA0BCA1120F67F48008020BF /* createQuestions.swift in Sources */,
				CAF672522113567100EAE5FF /* QuestionResultsViewController.swift in Sources */,
			);
			runOnlyForDeploymentPostprocessing = 0;
		};
/* End PBXSourcesBuildPhase section */

/* Begin PBXVariantGroup section */
		CAFB050C20E5109400631752 /* Main.storyboard */ = {
			isa = PBXVariantGroup;
			children = (
				CAFB050D20E5109400631752 /* Base */,
				CA06C16320EE600C00983ACF /* en */,
			);
			name = Main.storyboard;
			sourceTree = "<group>";
		};
		CAFB051120E5109600631752 /* LaunchScreen.storyboard */ = {
			isa = PBXVariantGroup;
			children = (
				CAFB051220E5109600631752 /* Base */,
			);
			name = LaunchScreen.storyboard;
			sourceTree = "<group>";
		};
/* End PBXVariantGroup section */

/* Begin XCBuildConfiguration section */
		CAFB051520E5109600631752 /* Debug */ = {
			isa = XCBuildConfiguration;
			buildSettings = {
				ALWAYS_SEARCH_USER_PATHS = NO;
				CLANG_ANALYZER_NONNULL = YES;
				CLANG_ANALYZER_NUMBER_OBJECT_CONVERSION = YES_AGGRESSIVE;
				CLANG_CXX_LANGUAGE_STANDARD = "gnu++14";
				CLANG_CXX_LIBRARY = "libc++";
				CLANG_ENABLE_MODULES = YES;
				CLANG_ENABLE_OBJC_ARC = YES;
				CLANG_ENABLE_OBJC_WEAK = YES;
				CLANG_WARN_BLOCK_CAPTURE_AUTORELEASING = YES;
				CLANG_WARN_BOOL_CONVERSION = YES;
				CLANG_WARN_COMMA = YES;
				CLANG_WARN_CONSTANT_CONVERSION = YES;
				CLANG_WARN_DEPRECATED_OBJC_IMPLEMENTATIONS = YES;
				CLANG_WARN_DIRECT_OBJC_ISA_USAGE = YES_ERROR;
				CLANG_WARN_DOCUMENTATION_COMMENTS = YES;
				CLANG_WARN_EMPTY_BODY = YES;
				CLANG_WARN_ENUM_CONVERSION = YES;
				CLANG_WARN_INFINITE_RECURSION = YES;
				CLANG_WARN_INT_CONVERSION = YES;
				CLANG_WARN_NON_LITERAL_NULL_CONVERSION = YES;
				CLANG_WARN_OBJC_IMPLICIT_RETAIN_SELF = YES;
				CLANG_WARN_OBJC_LITERAL_CONVERSION = YES;
				CLANG_WARN_OBJC_ROOT_CLASS = YES_ERROR;
				CLANG_WARN_RANGE_LOOP_ANALYSIS = YES;
				CLANG_WARN_STRICT_PROTOTYPES = YES;
				CLANG_WARN_SUSPICIOUS_MOVE = YES;
				CLANG_WARN_UNGUARDED_AVAILABILITY = YES_AGGRESSIVE;
				CLANG_WARN_UNREACHABLE_CODE = YES;
				CLANG_WARN__DUPLICATE_METHOD_MATCH = YES;
				CODE_SIGN_IDENTITY = "iPhone Developer";
				COPY_PHASE_STRIP = NO;
				DEBUG_INFORMATION_FORMAT = dwarf;
				ENABLE_STRICT_OBJC_MSGSEND = YES;
				ENABLE_TESTABILITY = YES;
				GCC_C_LANGUAGE_STANDARD = gnu11;
				GCC_DYNAMIC_NO_PIC = NO;
				GCC_NO_COMMON_BLOCKS = YES;
				GCC_OPTIMIZATION_LEVEL = 0;
				GCC_PREPROCESSOR_DEFINITIONS = (
					"DEBUG=1",
					"$(inherited)",
				);
				GCC_WARN_64_TO_32_BIT_CONVERSION = YES;
				GCC_WARN_ABOUT_RETURN_TYPE = YES_ERROR;
				GCC_WARN_UNDECLARED_SELECTOR = YES;
				GCC_WARN_UNINITIALIZED_AUTOS = YES_AGGRESSIVE;
				GCC_WARN_UNUSED_FUNCTION = YES;
				GCC_WARN_UNUSED_VARIABLE = YES;
				IPHONEOS_DEPLOYMENT_TARGET = 11.4;
				MTL_ENABLE_DEBUG_INFO = YES;
				ONLY_ACTIVE_ARCH = YES;
				SDKROOT = iphoneos;
				SWIFT_ACTIVE_COMPILATION_CONDITIONS = DEBUG;
				SWIFT_OPTIMIZATION_LEVEL = "-Onone";
				SWIFT_VERSION = 4.0;
			};
			name = Debug;
		};
		CAFB051620E5109600631752 /* Release */ = {
			isa = XCBuildConfiguration;
			buildSettings = {
				ALWAYS_SEARCH_USER_PATHS = NO;
				CLANG_ANALYZER_NONNULL = YES;
				CLANG_ANALYZER_NUMBER_OBJECT_CONVERSION = YES_AGGRESSIVE;
				CLANG_CXX_LANGUAGE_STANDARD = "gnu++14";
				CLANG_CXX_LIBRARY = "libc++";
				CLANG_ENABLE_MODULES = YES;
				CLANG_ENABLE_OBJC_ARC = YES;
				CLANG_ENABLE_OBJC_WEAK = YES;
				CLANG_WARN_BLOCK_CAPTURE_AUTORELEASING = YES;
				CLANG_WARN_BOOL_CONVERSION = YES;
				CLANG_WARN_COMMA = YES;
				CLANG_WARN_CONSTANT_CONVERSION = YES;
				CLANG_WARN_DEPRECATED_OBJC_IMPLEMENTATIONS = YES;
				CLANG_WARN_DIRECT_OBJC_ISA_USAGE = YES_ERROR;
				CLANG_WARN_DOCUMENTATION_COMMENTS = YES;
				CLANG_WARN_EMPTY_BODY = YES;
				CLANG_WARN_ENUM_CONVERSION = YES;
				CLANG_WARN_INFINITE_RECURSION = YES;
				CLANG_WARN_INT_CONVERSION = YES;
				CLANG_WARN_NON_LITERAL_NULL_CONVERSION = YES;
				CLANG_WARN_OBJC_IMPLICIT_RETAIN_SELF = YES;
				CLANG_WARN_OBJC_LITERAL_CONVERSION = YES;
				CLANG_WARN_OBJC_ROOT_CLASS = YES_ERROR;
				CLANG_WARN_RANGE_LOOP_ANALYSIS = YES;
				CLANG_WARN_STRICT_PROTOTYPES = YES;
				CLANG_WARN_SUSPICIOUS_MOVE = YES;
				CLANG_WARN_UNGUARDED_AVAILABILITY = YES_AGGRESSIVE;
				CLANG_WARN_UNREACHABLE_CODE = YES;
				CLANG_WARN__DUPLICATE_METHOD_MATCH = YES;
				CODE_SIGN_IDENTITY = "iPhone Developer";
				COPY_PHASE_STRIP = NO;
				DEBUG_INFORMATION_FORMAT = "dwarf-with-dsym";
				ENABLE_NS_ASSERTIONS = NO;
				ENABLE_STRICT_OBJC_MSGSEND = YES;
				GCC_C_LANGUAGE_STANDARD = gnu11;
				GCC_NO_COMMON_BLOCKS = YES;
				GCC_WARN_64_TO_32_BIT_CONVERSION = YES;
				GCC_WARN_ABOUT_RETURN_TYPE = YES_ERROR;
				GCC_WARN_UNDECLARED_SELECTOR = YES;
				GCC_WARN_UNINITIALIZED_AUTOS = YES_AGGRESSIVE;
				GCC_WARN_UNUSED_FUNCTION = YES;
				GCC_WARN_UNUSED_VARIABLE = YES;
				IPHONEOS_DEPLOYMENT_TARGET = 11.4;
				MTL_ENABLE_DEBUG_INFO = NO;
				SDKROOT = iphoneos;
				SWIFT_COMPILATION_MODE = wholemodule;
				SWIFT_OPTIMIZATION_LEVEL = "-O";
				SWIFT_VERSION = 4.0;
				VALIDATE_PRODUCT = YES;
			};
			name = Release;
		};
		CAFB051820E5109600631752 /* Debug */ = {
			isa = XCBuildConfiguration;
			baseConfigurationReference = 11B590D55948ECC26B088586 /* Pods-Higher Maths Revision.debug.xcconfig */;
			buildSettings = {
				ASSETCATALOG_COMPILER_APPICON_NAME = AppIcon;
				CLANG_ENABLE_MODULES = YES;
				CODE_SIGN_STYLE = Automatic;
				DEVELOPMENT_TEAM = M698MYB37H;
				INFOPLIST_FILE = "Higher Maths Revision/Info.plist";
				LD_RUNPATH_SEARCH_PATHS = (
					"$(inherited)",
					"@executable_path/Frameworks",
				);
				PRODUCT_BUNDLE_IDENTIFIER = "uk.sandshouston.Higher-Maths-Revision";
				PRODUCT_NAME = "$(TARGET_NAME)";
				SWIFT_OBJC_BRIDGING_HEADER = "Higher Maths Revision/Higher Maths Revision-Bridging-Header.h";
				SWIFT_OPTIMIZATION_LEVEL = "-Onone";
				SWIFT_VERSION = 4.0;
				TARGETED_DEVICE_FAMILY = "1,2";
			};
			name = Debug;
		};
		CAFB051920E5109600631752 /* Release */ = {
			isa = XCBuildConfiguration;
			baseConfigurationReference = 67280B25D3809167CDE02B71 /* Pods-Higher Maths Revision.release.xcconfig */;
			buildSettings = {
				ASSETCATALOG_COMPILER_APPICON_NAME = AppIcon;
				CLANG_ENABLE_MODULES = YES;
				CODE_SIGN_STYLE = Automatic;
				DEVELOPMENT_TEAM = M698MYB37H;
				INFOPLIST_FILE = "Higher Maths Revision/Info.plist";
				LD_RUNPATH_SEARCH_PATHS = (
					"$(inherited)",
					"@executable_path/Frameworks",
				);
				PRODUCT_BUNDLE_IDENTIFIER = "uk.sandshouston.Higher-Maths-Revision";
				PRODUCT_NAME = "$(TARGET_NAME)";
				SWIFT_OBJC_BRIDGING_HEADER = "Higher Maths Revision/Higher Maths Revision-Bridging-Header.h";
				SWIFT_VERSION = 4.0;
				TARGETED_DEVICE_FAMILY = "1,2";
			};
			name = Release;
		};
/* End XCBuildConfiguration section */

/* Begin XCConfigurationList section */
		CAFB050020E5109400631752 /* Build configuration list for PBXProject "Higher Maths Revision" */ = {
			isa = XCConfigurationList;
			buildConfigurations = (
				CAFB051520E5109600631752 /* Debug */,
				CAFB051620E5109600631752 /* Release */,
			);
			defaultConfigurationIsVisible = 0;
			defaultConfigurationName = Release;
		};
		CAFB051720E5109600631752 /* Build configuration list for PBXNativeTarget "Higher Maths Revision" */ = {
			isa = XCConfigurationList;
			buildConfigurations = (
				CAFB051820E5109600631752 /* Debug */,
				CAFB051920E5109600631752 /* Release */,
			);
			defaultConfigurationIsVisible = 0;
			defaultConfigurationName = Release;
		};
/* End XCConfigurationList section */
	};
	rootObject = CAFB04FD20E5109400631752 /* Project object */;
}
